
Microsoft Visual Studio Solution File, Format Version 12.00
# Visual Studio Version 17
VisualStudioVersion = 17.2.32526.322
MinimumVisualStudioVersion = 10.0.40219.1
Project("{9A19103F-16F7-4668-BE54-9A1E7A4F7556}") = "Etude_population", "Etude_population\Etude_population.csproj", "{4FD9361A-090E-408A-8CCE-4099D1BF9EFF}"
EndProject
Project("{FAE04EC0-301F-11D3-BF4B-00C04F79EFBC}") = "Etude_populationWEB", "Etude_populationWEB\Etude_populationWEB.csproj", "{7CB3DDA2-9606-4B2C-ADC2-4D3C64D87B18}"
EndProject
Global
	GlobalSection(SolutionConfigurationPlatforms) = preSolution
		Debug|Any CPU = Debug|Any CPU
		Release|Any CPU = Release|Any CPU
	EndGlobalSection
	GlobalSection(ProjectConfigurationPlatforms) = postSolution
		{4FD9361A-090E-408A-8CCE-4099D1BF9EFF}.Debug|Any CPU.ActiveCfg = Debug|Any CPU
		{4FD9361A-090E-408A-8CCE-4099D1BF9EFF}.Debug|Any CPU.Build.0 = Debug|Any CPU
		{4FD9361A-090E-408A-8CCE-4099D1BF9EFF}.Release|Any CPU.ActiveCfg = Release|Any CPU
		{4FD9361A-090E-408A-8CCE-4099D1BF9EFF}.Release|Any CPU.Build.0 = Release|Any CPU
		{7CB3DDA2-9606-4B2C-ADC2-4D3C64D87B18}.Debug|Any CPU.ActiveCfg = Debug|Any CPU
		{7CB3DDA2-9606-4B2C-ADC2-4D3C64D87B18}.Debug|Any CPU.Build.0 = Debug|Any CPU
		{7CB3DDA2-9606-4B2C-ADC2-4D3C64D87B18}.Release|Any CPU.ActiveCfg = Release|Any CPU
		{7CB3DDA2-9606-4B2C-ADC2-4D3C64D87B18}.Release|Any CPU.Build.0 = Release|Any CPU
	EndGlobalSection
	GlobalSection(SolutionProperties) = preSolution
		HideSolutionNode = FALSE
	EndGlobalSection
	GlobalSection(ExtensibilityGlobals) = postSolution
		SolutionGuid = {6DF18C92-9DCA-46F9-99B6-DCEB4007A1BD}
	EndGlobalSection
EndGlobal
